
Microsoft Visual Studio Solution File, Format Version 12.00
# Visual Studio 2012
Project("{FAE04EC0-301F-11D3-BF4B-00C04F79EFBC}") = "mstest", "mstest\mstest.csproj", "{75DD8894-2820-4171-8306-EBC678B1116C}"
EndProject
Project("{FAE04EC0-301F-11D3-BF4B-00C04F79EFBC}") = "mstest.Tests", "mstest.Tests\mstest.Tests.csproj", "{D57EE287-63AC-4F30-BDA1-05CDC7A1B77D}"
EndProject
Global
	GlobalSection(SolutionConfigurationPlatforms) = preSolution
		Debug|Any CPU = Debug|Any CPU
		Release|Any CPU = Release|Any CPU
	EndGlobalSection
	GlobalSection(ProjectConfigurationPlatforms) = postSolution
		{75DD8894-2820-4171-8306-EBC678B1116C}.Debug|Any CPU.ActiveCfg = Debug|Any CPU
		{75DD8894-2820-4171-8306-EBC678B1116C}.Debug|Any CPU.Build.0 = Debug|Any CPU
		{75DD8894-2820-4171-8306-EBC678B1116C}.Release|Any CPU.ActiveCfg = Release|Any CPU
		{75DD8894-2820-4171-8306-EBC678B1116C}.Release|Any CPU.Build.0 = Release|Any CPU
		{D57EE287-63AC-4F30-BDA1-05CDC7A1B77D}.Debug|Any CPU.ActiveCfg = Debug|Any CPU
		{D57EE287-63AC-4F30-BDA1-05CDC7A1B77D}.Debug|Any CPU.Build.0 = Debug|Any CPU
		{D57EE287-63AC-4F30-BDA1-05CDC7A1B77D}.Release|Any CPU.ActiveCfg = Release|Any CPU
		{D57EE287-63AC-4F30-BDA1-05CDC7A1B77D}.Release|Any CPU.Build.0 = Release|Any CPU
	EndGlobalSection
	GlobalSection(SolutionProperties) = preSolution
		HideSolutionNode = FALSE
	EndGlobalSection
EndGlobal
